
Microsoft Visual Studio Solution File, Format Version 12.00
Project("{FAE04EC0-301F-11D3-BF4B-00C04F79EFBC}") = "ToggleRoundedCorners", "ToggleRoundedCorners\ToggleRoundedCorners.csproj", "{5986054B-8935-45E4-BAC4-A58F280BDDF1}"
EndProject
Project("{FAE04EC0-301F-11D3-BF4B-00C04F79EFBC}") = "ToggleRoundedCorners.Native", "ToggleRoundedCorners.Native\ToggleRoundedCorners.Native.csproj", "{D71AAC86-8CD0-4763-8334-EFC9E9045B9D}"
EndProject
Project("{FAE04EC0-301F-11D3-BF4B-00C04F79EFBC}") = "SimpleTogglePoC", "SimpleTogglePoC\SimpleTogglePoC.csproj", "{CB0A8563-59C6-4597-9C4C-F7F8154B6AF0}"
EndProject
Project("{FAE04EC0-301F-11D3-BF4B-00C04F79EFBC}") = "ScratchPad", "ScratchPad\ScratchPad.csproj", "{155DE19F-9692-4B10-9844-D3B94789EB5C}"
EndProject
Global
	GlobalSection(SolutionConfigurationPlatforms) = preSolution
		Debug|Any CPU = Debug|Any CPU
		Release|Any CPU = Release|Any CPU
	EndGlobalSection
	GlobalSection(ProjectConfigurationPlatforms) = postSolution
		{5986054B-8935-45E4-BAC4-A58F280BDDF1}.Debug|Any CPU.ActiveCfg = Debug|Any CPU
		{5986054B-8935-45E4-BAC4-A58F280BDDF1}.Debug|Any CPU.Build.0 = Debug|Any CPU
		{5986054B-8935-45E4-BAC4-A58F280BDDF1}.Release|Any CPU.ActiveCfg = Release|Any CPU
		{5986054B-8935-45E4-BAC4-A58F280BDDF1}.Release|Any CPU.Build.0 = Release|Any CPU
		{D71AAC86-8CD0-4763-8334-EFC9E9045B9D}.Debug|Any CPU.ActiveCfg = Debug|Any CPU
		{D71AAC86-8CD0-4763-8334-EFC9E9045B9D}.Debug|Any CPU.Build.0 = Debug|Any CPU
		{D71AAC86-8CD0-4763-8334-EFC9E9045B9D}.Release|Any CPU.ActiveCfg = Release|Any CPU
		{D71AAC86-8CD0-4763-8334-EFC9E9045B9D}.Release|Any CPU.Build.0 = Release|Any CPU
		{CB0A8563-59C6-4597-9C4C-F7F8154B6AF0}.Debug|Any CPU.ActiveCfg = Debug|Any CPU
		{CB0A8563-59C6-4597-9C4C-F7F8154B6AF0}.Debug|Any CPU.Build.0 = Debug|Any CPU
		{CB0A8563-59C6-4597-9C4C-F7F8154B6AF0}.Release|Any CPU.ActiveCfg = Release|Any CPU
		{CB0A8563-59C6-4597-9C4C-F7F8154B6AF0}.Release|Any CPU.Build.0 = Release|Any CPU
		{155DE19F-9692-4B10-9844-D3B94789EB5C}.Debug|Any CPU.ActiveCfg = Debug|Any CPU
		{155DE19F-9692-4B10-9844-D3B94789EB5C}.Debug|Any CPU.Build.0 = Debug|Any CPU
		{155DE19F-9692-4B10-9844-D3B94789EB5C}.Release|Any CPU.ActiveCfg = Release|Any CPU
		{155DE19F-9692-4B10-9844-D3B94789EB5C}.Release|Any CPU.Build.0 = Release|Any CPU
	EndGlobalSection
EndGlobal
